github.com/Centny/rediscache v0.0.0-20200707152004-c861f4b3fc69 h1:navGNuK5Wmcsm3Aun0fg/zRE9RTvut+aHhJolLK0BV0=
github.com/Centny/rediscache v0.0.0-20200707152004-c861f4b3fc69/go.mod h1:e9eNAUi8BXjjMPBdnxRJQBzMvOkIK5UW/GAl5aBz9tk=
github.com/codingeasygo/util v0.0.0-20200706141926-d1053c73321c/go.mod h1:q4DRF2HY/Qt0qCCARM1OR0dke9XFkKtgr/POyT63crI=
github.com/codingeasygo/util v0.0.0-20200708104857-318eea951764 h1:Zqzhhjp5+EghAASSbK2TqOmupPsrJIcdPpuHdrtX5Nk=
github.com/codingeasygo/util v0.0.0-20200708104857-318eea951764/go.mod h1:q4DRF2HY/Qt0qCCARM1OR0dke9XFkKtgr/POyT63crI=
github.com/codingeasygo/util v0.0.0-20200713041851-864f364bd051 h1:QmVm2XUhpnXbsTY0gPGW7uh60UIe43CPVMJOsngTGYI=
github.com/codingeasygo/util v0.0.0-20200713041851-864f364bd051/go.mod h1:q4DRF2HY/Qt0qCCARM1OR0dke9XFkKtgr/POyT63crI=
github.com/codingeasygo/web v0.0.0-20200706142504-94a680e5d913 h1:hf0V3BWz88NSINP9XCh+wgwDxZzgNasgs5PklGGVswM=
github.com/codingeasygo/web v0.0.0-20200706142504-94a680e5d913/go.mod h1:gngFERpwmoldUJwKfRwmVDGxI8m4kpc1HSNsFHdy4VM=
github.com/davecgh/go-spew v1.1.0/go.mod h1:J7Y8YcW2NihsgmVo/mv3lAwl/skON4iLHjSsI+c5H38=
github.com/davecgh/go-spew v1.1.1/go.mod h1:J7Y8YcW2NihsgmVo/mv3lAwl/skON4iLHjSsI+c5H38=
github.com/gomodule/redigo v1.8.2 h1:H5XSIre1MB5NbPYFp+i1NBbb5qN1W8Y8YAQoAYbkm8k=
github.com/gomodule/redigo v1.8.2/go.mod h1:P9dn9mFrCBvWhGE1wpxx6fgq7BAeLBk+UUUzlpkBYO0=
github.com/konsorten/go-windows-terminal-sequences v1.0.3/go.mod h1:T0+1ngSBFLxvqU3pZ+m/2kptfBszLMUkC4ZK/EgS/cQ=
github.com/pmezard/go-difflib v1.0.0/go.mod h1:iKH77koFhYxTK1pcRnkKkqfTogsbg7gZNVY4sRDYZ/4=
github.com/sirupsen/logrus v1.6.0 h1:UBcNElsrwanuuMsnGSlYmtmgbb23qDR5dG+6X6Oo89I=
github.com/sirupsen/logrus v1.6.0/go.mod h1:7uNnSEd1DgxDLC74fIahvMZmmYsHGZGEOFrfsX/uA88=
github.com/stretchr/objx v0.1.0/go.mod h1:HFkY916IF+rwdDfMAkV7OtwuqBVzrE8GR6GFx+wExME=
github.com/stretchr/testify v1.2.2/go.mod h1:a8OnRcib4nhh0OaRAV+Yts87kKdq0PP7pXfy6kDkUVs=
github.com/stretchr/testify v1.5.1/go.mod h1:5W2xD1RspED5o8YsWQXVCued0rvSQ+mT+I5cxcmMvtA=
golang.org/x/sys v0.0.0-20190422165155-953cdadca894 h1:Cz4ceDQGXuKRnVBDTS23GTn/pU5OE2C0WrNTOYK1Uuc=
golang.org/x/sys v0.0.0-20190422165155-953cdadca894/go.mod h1:h1NjWce9XRLGQEsW7wpKNCjG9DtNlClVuFLEZdDNbEs=
gopkg.in/check.v1 v0.0.0-20161208181325-20d25e280405/go.mod h1:Co6ibVJAznAaIkqp8huTwlJQCZ016jof/cbN4VW5Yz0=
gopkg.in/yaml.v2 v2.2.2/go.mod h1:hI93XBmqTisBFMUTm0b8Fm+jr3Dg1NNxqwp+5A1VGuI=
